
Microsoft Visual Studio Solution File, Format Version 12.00
# Visual Studio Version 16
VisualStudioVersion = 16.0.30611.23
MinimumVisualStudioVersion = 10.0.40219.1
Project("{FAE04EC0-301F-11D3-BF4B-00C04F79EFBC}") = "GestorHotelJJCliente", "GestorHotelJJCliente.csproj", "{88E497AA-D5D2-479A-8AED-8F95C33583CE}"
EndProject
Global
	GlobalSection(SolutionConfigurationPlatforms) = preSolution
		Debug|Any CPU = Debug|Any CPU
		Release|Any CPU = Release|Any CPU
	EndGlobalSection
	GlobalSection(ProjectConfigurationPlatforms) = postSolution
		{88E497AA-D5D2-479A-8AED-8F95C33583CE}.Debug|Any CPU.ActiveCfg = Debug|Any CPU
		{88E497AA-D5D2-479A-8AED-8F95C33583CE}.Debug|Any CPU.Build.0 = Debug|Any CPU
		{88E497AA-D5D2-479A-8AED-8F95C33583CE}.Release|Any CPU.ActiveCfg = Release|Any CPU
		{88E497AA-D5D2-479A-8AED-8F95C33583CE}.Release|Any CPU.Build.0 = Release|Any CPU
	EndGlobalSection
	GlobalSection(SolutionProperties) = preSolution
		HideSolutionNode = FALSE
	EndGlobalSection
	GlobalSection(ExtensibilityGlobals) = postSolution
		SolutionGuid = {260B79B9-7090-4A56-9570-C44AE863E552}
	EndGlobalSection
EndGlobal
